// !$*UTF8*$!
{
	archiveVersion = 1;
	classes = {
	};
	objectVersion = 56;
	objects = {

/* Begin PBXBuildFile section */
		D8171B222D30244B00F59EF8 /* AppDelegate.swift in Sources */ = {isa = PBXBuildFile; fileRef = D8171B212D30244B00F59EF8 /* AppDelegate.swift */; };
		D8171B242D30244B00F59EF8 /* SceneDelegate.swift in Sources */ = {isa = PBXBuildFile; fileRef = D8171B232D30244B00F59EF8 /* SceneDelegate.swift */; };
		D8171B262D30244B00F59EF8 /* RandomMovieViewController.swift in Sources */ = {isa = PBXBuildFile; fileRef = D8171B252D30244B00F59EF8 /* RandomMovieViewController.swift */; };
		D8171B2B2D30244C00F59EF8 /* Assets.xcassets in Resources */ = {isa = PBXBuildFile; fileRef = D8171B2A2D30244C00F59EF8 /* Assets.xcassets */; };
		D8171B2E2D30244C00F59EF8 /* LaunchScreen.storyboard in Resources */ = {isa = PBXBuildFile; fileRef = D8171B2C2D30244C00F59EF8 /* LaunchScreen.storyboard */; };
		D8171B382D3028B100F59EF8 /* NetworkDataFetch.swift in Sources */ = {isa = PBXBuildFile; fileRef = D8171B372D3028B100F59EF8 /* NetworkDataFetch.swift */; };
		D8171B3B2D3028D100F59EF8 /* EndPoint.swift in Sources */ = {isa = PBXBuildFile; fileRef = D8171B3A2D3028D100F59EF8 /* EndPoint.swift */; };
		D8171B3D2D302FED00F59EF8 /* RandomMovieModel.swift in Sources */ = {isa = PBXBuildFile; fileRef = D8171B3C2D302FED00F59EF8 /* RandomMovieModel.swift */; };
		D8171B402D3032E500F59EF8 /* NetworkError.swift in Sources */ = {isa = PBXBuildFile; fileRef = D8171B3F2D3032E500F59EF8 /* NetworkError.swift */; };
/* End PBXBuildFile section */

/* Begin PBXFileReference section */
		D8171B1E2D30244B00F59EF8 /* RandomMovie.app */ = {isa = PBXFileReference; explicitFileType = wrapper.application; includeInIndex = 0; path = RandomMovie.app; sourceTree = BUILT_PRODUCTS_DIR; };
		D8171B212D30244B00F59EF8 /* AppDelegate.swift */ = {isa = PBXFileReference; lastKnownFileType = sourcecode.swift; path = AppDelegate.swift; sourceTree = "<group>"; };
		D8171B232D30244B00F59EF8 /* SceneDelegate.swift */ = {isa = PBXFileReference; lastKnownFileType = sourcecode.swift; path = SceneDelegate.swift; sourceTree = "<group>"; };
		D8171B252D30244B00F59EF8 /* RandomMovieViewController.swift */ = {isa = PBXFileReference; lastKnownFileType = sourcecode.swift; path = RandomMovieViewController.swift; sourceTree = "<group>"; };
		D8171B2A2D30244C00F59EF8 /* Assets.xcassets */ = {isa = PBXFileReference; lastKnownFileType = folder.assetcatalog; path = Assets.xcassets; sourceTree = "<group>"; };
		D8171B2D2D30244C00F59EF8 /* Base */ = {isa = PBXFileReference; lastKnownFileType = file.storyboard; name = Base; path = Base.lproj/LaunchScreen.storyboard; sourceTree = "<group>"; };
		D8171B2F2D30244C00F59EF8 /* Info.plist */ = {isa = PBXFileReference; lastKnownFileType = text.plist.xml; path = Info.plist; sourceTree = "<group>"; };
		D8171B372D3028B100F59EF8 /* NetworkDataFetch.swift */ = {isa = PBXFileReference; lastKnownFileType = sourcecode.swift; path = NetworkDataFetch.swift; sourceTree = "<group>"; };
		D8171B3A2D3028D100F59EF8 /* EndPoint.swift */ = {isa = PBXFileReference; lastKnownFileType = sourcecode.swift; path = EndPoint.swift; sourceTree = "<group>"; };
		D8171B3C2D302FED00F59EF8 /* RandomMovieModel.swift */ = {isa = PBXFileReference; lastKnownFileType = sourcecode.swift; path = RandomMovieModel.swift; sourceTree = "<group>"; };
		D8171B3F2D3032E500F59EF8 /* NetworkError.swift */ = {isa = PBXFileReference; lastKnownFileType = sourcecode.swift; path = NetworkError.swift; sourceTree = "<group>"; };
/* End PBXFileReference section */

/* Begin PBXFrameworksBuildPhase section */
		D8171B1B2D30244B00F59EF8 /* Frameworks */ = {
			isa = PBXFrameworksBuildPhase;
			buildActionMask = 2147483647;
			files = (
			);
			runOnlyForDeploymentPostprocessing = 0;
		};
/* End PBXFrameworksBuildPhase section */

/* Begin PBXGroup section */
		D8171B152D30244B00F59EF8 = {
			isa = PBXGroup;
			children = (
				D8171B202D30244B00F59EF8 /* RandomMovie */,
				D8171B1F2D30244B00F59EF8 /* Products */,
			);
			sourceTree = "<group>";
		};
		D8171B1F2D30244B00F59EF8 /* Products */ = {
			isa = PBXGroup;
			children = (
				D8171B1E2D30244B00F59EF8 /* RandomMovie.app */,
			);
			name = Products;
			sourceTree = "<group>";
		};
		D8171B202D30244B00F59EF8 /* RandomMovie */ = {
			isa = PBXGroup;
			children = (
				D8171B352D30282C00F59EF8 /* Resources */,
				D8171B392D3028B600F59EF8 /* Network */,
				D8171B362D30283C00F59EF8 /* ViewControllers */,
				D8171B3E2D302FF600F59EF8 /* Models */,
				D8171B2F2D30244C00F59EF8 /* Info.plist */,
			);
			path = RandomMovie;
			sourceTree = "<group>";
		};
		D8171B352D30282C00F59EF8 /* Resources */ = {
			isa = PBXGroup;
			children = (
				D8171B212D30244B00F59EF8 /* AppDelegate.swift */,
				D8171B232D30244B00F59EF8 /* SceneDelegate.swift */,
				D8171B2A2D30244C00F59EF8 /* Assets.xcassets */,
				D8171B2C2D30244C00F59EF8 /* LaunchScreen.storyboard */,
			);
			path = Resources;
			sourceTree = "<group>";
		};
		D8171B362D30283C00F59EF8 /* ViewControllers */ = {
			isa = PBXGroup;
			children = (
				D8171B252D30244B00F59EF8 /* RandomMovieViewController.swift */,
			);
			path = ViewControllers;
			sourceTree = "<group>";
		};
		D8171B392D3028B600F59EF8 /* Network */ = {
			isa = PBXGroup;
			children = (
				D8171B372D3028B100F59EF8 /* NetworkDataFetch.swift */,
				D8171B3F2D3032E500F59EF8 /* NetworkError.swift */,
				D8171B3A2D3028D100F59EF8 /* EndPoint.swift */,
			);
			path = Network;
			sourceTree = "<group>";
		};
		D8171B3E2D302FF600F59EF8 /* Models */ = {
			isa = PBXGroup;
			children = (
				D8171B3C2D302FED00F59EF8 /* RandomMovieModel.swift */,
			);
			path = Models;
			sourceTree = "<group>";
		};
/* End PBXGroup section */

/* Begin PBXNativeTarget section */
		D8171B1D2D30244B00F59EF8 /* RandomMovie */ = {
			isa = PBXNativeTarget;
			buildConfigurationList = D8171B322D30244C00F59EF8 /* Build configuration list for PBXNativeTarget "RandomMovie" */;
			buildPhases = (
				D8171B1A2D30244B00F59EF8 /* Sources */,
				D8171B1B2D30244B00F59EF8 /* Frameworks */,
				D8171B1C2D30244B00F59EF8 /* Resources */,
			);
			buildRules = (
			);
			dependencies = (
			);
			name = RandomMovie;
			productName = RandomMovie;
			productReference = D8171B1E2D30244B00F59EF8 /* RandomMovie.app */;
			productType = "com.apple.product-type.application";
		};
/* End PBXNativeTarget section */

/* Begin PBXProject section */
		D8171B162D30244B00F59EF8 /* Project object */ = {
			isa = PBXProject;
			attributes = {
				BuildIndependentTargetsInParallel = 1;
				LastSwiftUpdateCheck = 1500;
				LastUpgradeCheck = 1500;
				TargetAttributes = {
					D8171B1D2D30244B00F59EF8 = {
						CreatedOnToolsVersion = 15.0;
					};
				};
			};
			buildConfigurationList = D8171B192D30244B00F59EF8 /* Build configuration list for PBXProject "RandomMovie" */;
			compatibilityVersion = "Xcode 14.0";
			developmentRegion = en;
			hasScannedForEncodings = 0;
			knownRegions = (
				en,
				Base,
			);
			mainGroup = D8171B152D30244B00F59EF8;
			productRefGroup = D8171B1F2D30244B00F59EF8 /* Products */;
			projectDirPath = "";
			projectRoot = "";
			targets = (
				D8171B1D2D30244B00F59EF8 /* RandomMovie */,
			);
		};
/* End PBXProject section */

/* Begin PBXResourcesBuildPhase section */
		D8171B1C2D30244B00F59EF8 /* Resources */ = {
			isa = PBXResourcesBuildPhase;
			buildActionMask = 2147483647;
			files = (
				D8171B2E2D30244C00F59EF8 /* LaunchScreen.storyboard in Resources */,
				D8171B2B2D30244C00F59EF8 /* Assets.xcassets in Resources */,
			);
			runOnlyForDeploymentPostprocessing = 0;
		};
/* End PBXResourcesBuildPhase section */

/* Begin PBXSourcesBuildPhase section */
		D8171B1A2D30244B00F59EF8 /* Sources */ = {
			isa = PBXSourcesBuildPhase;
			buildActionMask = 2147483647;
			files = (
				D8171B262D30244B00F59EF8 /* RandomMovieViewController.swift in Sources */,
				D8171B402D3032E500F59EF8 /* NetworkError.swift in Sources */,
				D8171B222D30244B00F59EF8 /* AppDelegate.swift in Sources */,
				D8171B3B2D3028D100F59EF8 /* EndPoint.swift in Sources */,
				D8171B3D2D302FED00F59EF8 /* RandomMovieModel.swift in Sources */,
				D8171B242D30244B00F59EF8 /* SceneDelegate.swift in Sources */,
				D8171B382D3028B100F59EF8 /* NetworkDataFetch.swift in Sources */,
			);
			runOnlyForDeploymentPostprocessing = 0;
		};
/* End PBXSourcesBuildPhase section */

/* Begin PBXVariantGroup section */
		D8171B2C2D30244C00F59EF8 /* LaunchScreen.storyboard */ = {
			isa = PBXVariantGroup;
			children = (
				D8171B2D2D30244C00F59EF8 /* Base */,
			);
			name = LaunchScreen.storyboard;
			sourceTree = "<group>";
		};
/* End PBXVariantGroup section */

/* Begin XCBuildConfiguration section */
		D8171B302D30244C00F59EF8 /* Debug */ = {
			isa = XCBuildConfiguration;
			buildSettings = {
				ALWAYS_SEARCH_USER_PATHS = NO;
				ASSETCATALOG_COMPILER_GENERATE_SWIFT_ASSET_SYMBOL_EXTENSIONS = YES;
				CLANG_ANALYZER_NONNULL = YES;
				CLANG_ANALYZER_NUMBER_OBJECT_CONVERSION = YES_AGGRESSIVE;
				CLANG_CXX_LANGUAGE_STANDARD = "gnu++20";
				CLANG_ENABLE_MODULES = YES;
				CLANG_ENABLE_OBJC_ARC = YES;
				CLANG_ENABLE_OBJC_WEAK = YES;
				CLANG_WARN_BLOCK_CAPTURE_AUTORELEASING = YES;
				CLANG_WARN_BOOL_CONVERSION = YES;
				CLANG_WARN_COMMA = YES;
				CLANG_WARN_CONSTANT_CONVERSION = YES;
				CLANG_WARN_DEPRECATED_OBJC_IMPLEMENTATIONS = YES;
				CLANG_WARN_DIRECT_OBJC_ISA_USAGE = YES_ERROR;
				CLANG_WARN_DOCUMENTATION_COMMENTS = YES;
				CLANG_WARN_EMPTY_BODY = YES;
				CLANG_WARN_ENUM_CONVERSION = YES;
				CLANG_WARN_INFINITE_RECURSION = YES;
				CLANG_WARN_INT_CONVERSION = YES;
				CLANG_WARN_NON_LITERAL_NULL_CONVERSION = YES;
				CLANG_WARN_OBJC_IMPLICIT_RETAIN_SELF = YES;
				CLANG_WARN_OBJC_LITERAL_CONVERSION = YES;
				CLANG_WARN_OBJC_ROOT_CLASS = YES_ERROR;
				CLANG_WARN_QUOTED_INCLUDE_IN_FRAMEWORK_HEADER = YES;
				CLANG_WARN_RANGE_LOOP_ANALYSIS = YES;
				CLANG_WARN_STRICT_PROTOTYPES = YES;
				CLANG_WARN_SUSPICIOUS_MOVE = YES;
				CLANG_WARN_UNGUARDED_AVAILABILITY = YES_AGGRESSIVE;
				CLANG_WARN_UNREACHABLE_CODE = YES;
				CLANG_WARN__DUPLICATE_METHOD_MATCH = YES;
				COPY_PHASE_STRIP = NO;
				DEBUG_INFORMATION_FORMAT = dwarf;
				ENABLE_STRICT_OBJC_MSGSEND = YES;
				ENABLE_TESTABILITY = YES;
				ENABLE_USER_SCRIPT_SANDBOXING = YES;
				GCC_C_LANGUAGE_STANDARD = gnu17;
				GCC_DYNAMIC_NO_PIC = NO;
				GCC_NO_COMMON_BLOCKS = YES;
				GCC_OPTIMIZATION_LEVEL = 0;
				GCC_PREPROCESSOR_DEFINITIONS = (
					"DEBUG=1",
					"$(inherited)",
				);
				GCC_WARN_64_TO_32_BIT_CONVERSION = YES;
				GCC_WARN_ABOUT_RETURN_TYPE = YES_ERROR;
				GCC_WARN_UNDECLARED_SELECTOR = YES;
				GCC_WARN_UNINITIALIZED_AUTOS = YES_AGGRESSIVE;
				GCC_WARN_UNUSED_FUNCTION = YES;
				GCC_WARN_UNUSED_VARIABLE = YES;
				IPHONEOS_DEPLOYMENT_TARGET = 17.0;
				LOCALIZATION_PREFERS_STRING_CATALOGS = YES;
				MTL_ENABLE_DEBUG_INFO = INCLUDE_SOURCE;
				MTL_FAST_MATH = YES;
				ONLY_ACTIVE_ARCH = YES;
				SDKROOT = iphoneos;
				SWIFT_ACTIVE_COMPILATION_CONDITIONS = "DEBUG $(inherited)";
				SWIFT_OPTIMIZATION_LEVEL = "-Onone";
			};
			name = Debug;
		};
		D8171B312D30244C00F59EF8 /* Release */ = {
			isa = XCBuildConfiguration;
			buildSettings = {
				ALWAYS_SEARCH_USER_PATHS = NO;
				ASSETCATALOG_COMPILER_GENERATE_SWIFT_ASSET_SYMBOL_EXTENSIONS = YES;
				CLANG_ANALYZER_NONNULL = YES;
				CLANG_ANALYZER_NUMBER_OBJECT_CONVERSION = YES_AGGRESSIVE;
				CLANG_CXX_LANGUAGE_STANDARD = "gnu++20";
				CLANG_ENABLE_MODULES = YES;
				CLANG_ENABLE_OBJC_ARC = YES;
				CLANG_ENABLE_OBJC_WEAK = YES;
				CLANG_WARN_BLOCK_CAPTURE_AUTORELEASING = YES;
				CLANG_WARN_BOOL_CONVERSION = YES;
				CLANG_WARN_COMMA = YES;
				CLANG_WARN_CONSTANT_CONVERSION = YES;
				CLANG_WARN_DEPRECATED_OBJC_IMPLEMENTATIONS = YES;
				CLANG_WARN_DIRECT_OBJC_ISA_USAGE = YES_ERROR;
				CLANG_WARN_DOCUMENTATION_COMMENTS = YES;
				CLANG_WARN_EMPTY_BODY = YES;
				CLANG_WARN_ENUM_CONVERSION = YES;
				CLANG_WARN_INFINITE_RECURSION = YES;
				CLANG_WARN_INT_CONVERSION = YES;
				CLANG_WARN_NON_LITERAL_NULL_CONVERSION = YES;
				CLANG_WARN_OBJC_IMPLICIT_RETAIN_SELF = YES;
				CLANG_WARN_OBJC_LITERAL_CONVERSION = YES;
				CLANG_WARN_OBJC_ROOT_CLASS = YES_ERROR;
				CLANG_WARN_QUOTED_INCLUDE_IN_FRAMEWORK_HEADER = YES;
				CLANG_WARN_RANGE_LOOP_ANALYSIS = YES;
				CLANG_WARN_STRICT_PROTOTYPES = YES;
				CLANG_WARN_SUSPICIOUS_MOVE = YES;
				CLANG_WARN_UNGUARDED_AVAILABILITY = YES_AGGRESSIVE;
				CLANG_WARN_UNREACHABLE_CODE = YES;
				CLANG_WARN__DUPLICATE_METHOD_MATCH = YES;
				COPY_PHASE_STRIP = NO;
				DEBUG_INFORMATION_FORMAT = "dwarf-with-dsym";
				ENABLE_NS_ASSERTIONS = NO;
				ENABLE_STRICT_OBJC_MSGSEND = YES;
				ENABLE_USER_SCRIPT_SANDBOXING = YES;
				GCC_C_LANGUAGE_STANDARD = gnu17;
				GCC_NO_COMMON_BLOCKS = YES;
				GCC_WARN_64_TO_32_BIT_CONVERSION = YES;
				GCC_WARN_ABOUT_RETURN_TYPE = YES_ERROR;
				GCC_WARN_UNDECLARED_SELECTOR = YES;
				GCC_WARN_UNINITIALIZED_AUTOS = YES_AGGRESSIVE;
				GCC_WARN_UNUSED_FUNCTION = YES;
				GCC_WARN_UNUSED_VARIABLE = YES;
				IPHONEOS_DEPLOYMENT_TARGET = 17.0;
				LOCALIZATION_PREFERS_STRING_CATALOGS = YES;
				MTL_ENABLE_DEBUG_INFO = NO;
				MTL_FAST_MATH = YES;
				SDKROOT = iphoneos;
				SWIFT_COMPILATION_MODE = wholemodule;
				VALIDATE_PRODUCT = YES;
			};
			name = Release;
		};
		D8171B332D30244C00F59EF8 /* Debug */ = {
			isa = XCBuildConfiguration;
			buildSettings = {
				ASSETCATALOG_COMPILER_APPICON_NAME = AppIcon;
				ASSETCATALOG_COMPILER_GLOBAL_ACCENT_COLOR_NAME = AccentColor;
				CODE_SIGN_STYLE = Automatic;
				CURRENT_PROJECT_VERSION = 1;
				DEVELOPMENT_TEAM = 5MC88K2KB8;
				GENERATE_INFOPLIST_FILE = YES;
				INFOPLIST_FILE = RandomMovie/Info.plist;
				INFOPLIST_KEY_UIApplicationSupportsIndirectInputEvents = YES;
				INFOPLIST_KEY_UILaunchStoryboardName = LaunchScreen;
				INFOPLIST_KEY_UISupportedInterfaceOrientations_iPad = "UIInterfaceOrientationPortrait UIInterfaceOrientationPortraitUpsideDown UIInterfaceOrientationLandscapeLeft UIInterfaceOrientationLandscapeRight";
				INFOPLIST_KEY_UISupportedInterfaceOrientations_iPhone = "UIInterfaceOrientationPortrait UIInterfaceOrientationLandscapeLeft UIInterfaceOrientationLandscapeRight";
				LD_RUNPATH_SEARCH_PATHS = (
					"$(inherited)",
					"@executable_path/Frameworks",
				);
				MARKETING_VERSION = 1.0;
				PRODUCT_BUNDLE_IDENTIFIER = com.education.RandomMovie;
				PRODUCT_NAME = "$(TARGET_NAME)";
				SWIFT_EMIT_LOC_STRINGS = YES;
				SWIFT_VERSION = 5.0;
				TARGETED_DEVICE_FAMILY = "1,2";
			};
			name = Debug;
		};
		D8171B342D30244C00F59EF8 /* Release */ = {
			isa = XCBuildConfiguration;
			buildSettings = {
				ASSETCATALOG_COMPILER_APPICON_NAME = AppIcon;
				ASSETCATALOG_COMPILER_GLOBAL_ACCENT_COLOR_NAME = AccentColor;
				CODE_SIGN_STYLE = Automatic;
				CURRENT_PROJECT_VERSION = 1;
				DEVELOPMENT_TEAM = 5MC88K2KB8;
				GENERATE_INFOPLIST_FILE = YES;
				INFOPLIST_FILE = RandomMovie/Info.plist;
				INFOPLIST_KEY_UIApplicationSupportsIndirectInputEvents = YES;
				INFOPLIST_KEY_UILaunchStoryboardName = LaunchScreen;
				INFOPLIST_KEY_UISupportedInterfaceOrientations_iPad = "UIInterfaceOrientationPortrait UIInterfaceOrientationPortraitUpsideDown UIInterfaceOrientationLandscapeLeft UIInterfaceOrientationLandscapeRight";
				INFOPLIST_KEY_UISupportedInterfaceOrientations_iPhone = "UIInterfaceOrientationPortrait UIInterfaceOrientationLandscapeLeft UIInterfaceOrientationLandscapeRight";
				LD_RUNPATH_SEARCH_PATHS = (
					"$(inherited)",
					"@executable_path/Frameworks",
				);
				MARKETING_VERSION = 1.0;
				PRODUCT_BUNDLE_IDENTIFIER = com.education.RandomMovie;
				PRODUCT_NAME = "$(TARGET_NAME)";
				SWIFT_EMIT_LOC_STRINGS = YES;
				SWIFT_VERSION = 5.0;
				TARGETED_DEVICE_FAMILY = "1,2";
			};
			name = Release;
		};
/* End XCBuildConfiguration section */

/* Begin XCConfigurationList section */
		D8171B192D30244B00F59EF8 /* Build configuration list for PBXProject "RandomMovie" */ = {
			isa = XCConfigurationList;
			buildConfigurations = (
				D8171B302D30244C00F59EF8 /* Debug */,
				D8171B312D30244C00F59EF8 /* Release */,
			);
			defaultConfigurationIsVisible = 0;
			defaultConfigurationName = Release;
		};
		D8171B322D30244C00F59EF8 /* Build configuration list for PBXNativeTarget "RandomMovie" */ = {
			isa = XCConfigurationList;
			buildConfigurations = (
				D8171B332D30244C00F59EF8 /* Debug */,
				D8171B342D30244C00F59EF8 /* Release */,
			);
			defaultConfigurationIsVisible = 0;
			defaultConfigurationName = Release;
		};
/* End XCConfigurationList section */
	};
	rootObject = D8171B162D30244B00F59EF8 /* Project object */;
}
