// !$*UTF8*$!
{
	archiveVersion = 1;
	classes = {
	};
	objectVersion = 56;
	objects = {

/* Begin PBXBuildFile section */
		D8171B222D30244B00F59EF8 /* AppDelegate.swift in Sources */ = {isa = PBXBuildFile; fileRef = D8171B212D30244B00F59EF8 /* AppDelegate.swift */; };
		D8171B242D30244B00F59EF8 /* SceneDelegate.swift in Sources */ = {isa = PBXBuildFile; fileRef = D8171B232D30244B00F59EF8 /* SceneDelegate.swift */; };
		D8171B262D30244B00F59EF8 /* RandomMovieViewController.swift in Sources */ = {isa = PBXBuildFile; fileRef = D8171B252D30244B00F59EF8 /* RandomMovieViewController.swift */; };
		D8171B2B2D30244C00F59EF8 /* Assets.xcassets in Resources */ = {isa = PBXBuildFile; fileRef = D8171B2A2D30244C00F59EF8 /* Assets.xcassets */; };
		D8171B2E2D30244C00F59EF8 /* LaunchScreen.storyboard in Resources */ = {isa = PBXBuildFile; fileRef = D8171B2C2D30244C00F59EF8 /* LaunchScreen.storyboard */; };
		D8171B382D3028B100F59EF8 /* NetworkDataFetch.swift in Sources */ = {isa = PBXBuildFile; fileRef = D8171B372D3028B100F59EF8 /* NetworkDataFetch.swift */; };
		D8171B3B2D3028D100F59EF8 /* EndPoint.swift in Sources */ = {isa = PBXBuildFile; fileRef = D8171B3A2D3028D100F59EF8 /* EndPoint.swift */; };
		D8171B402D3032E500F59EF8 /* NetworkError.swift in Sources */ = {isa = PBXBuildFile; fileRef = D8171B3F2D3032E500F59EF8 /* NetworkError.swift */; };
		D817B73D2D3E88E800D6641F /* RandomMoviewPresenter.swift in Sources */ = {isa = PBXBuildFile; fileRef = D817B73C2D3E88E800D6641F /* RandomMoviewPresenter.swift */; };
		D817B73F2D3E8A1D00D6641F /* MoviewModelProtocol.swift in Sources */ = {isa = PBXBuildFile; fileRef = D817B73E2D3E8A1D00D6641F /* MoviewModelProtocol.swift */; };
		D817B7422D3E98B800D6641F /* RandomMoviesModuleBuilder.swift in Sources */ = {isa = PBXBuildFile; fileRef = D817B7412D3E98B800D6641F /* RandomMoviesModuleBuilder.swift */; };
		D817B7472D412B6B00D6641F /* MovieDetailsPresenter.swift in Sources */ = {isa = PBXBuildFile; fileRef = D817B7462D412B6B00D6641F /* MovieDetailsPresenter.swift */; };
		D817B7492D412FE100D6641F /* MovieDetailsViewController.swift in Sources */ = {isa = PBXBuildFile; fileRef = D817B7482D412FE100D6641F /* MovieDetailsViewController.swift */; };
		D817B74B2D4136EE00D6641F /* RandomMoviesViewWithCollectionView.swift in Sources */ = {isa = PBXBuildFile; fileRef = D817B74A2D4136EE00D6641F /* RandomMoviesViewWithCollectionView.swift */; };
		D817B74E2D413F6200D6641F /* RandomCollectionViewCell.swift in Sources */ = {isa = PBXBuildFile; fileRef = D817B74D2D413F6200D6641F /* RandomCollectionViewCell.swift */; };
		D8714F152D3980180036DBBC /* SearchMovieModel.swift in Sources */ = {isa = PBXBuildFile; fileRef = D8714F142D3980180036DBBC /* SearchMovieModel.swift */; };
		D8A5332E2D4611DD0066AB00 /* PreviewForCollectionViewCellModel.swift in Sources */ = {isa = PBXBuildFile; fileRef = D8A5332D2D4611DD0066AB00 /* PreviewForCollectionViewCellModel.swift */; };
		D8A533312D464AC00066AB00 /* UIColorExtensions.swift in Sources */ = {isa = PBXBuildFile; fileRef = D8A533302D464AC00066AB00 /* UIColorExtensions.swift */; };
		D8A533332D4936650066AB00 /* ImageLoader.swift in Sources */ = {isa = PBXBuildFile; fileRef = D8A533322D4936650066AB00 /* ImageLoader.swift */; };
		D8DAEAEE2D60B0D90001714E /* FavoriteMovieViewController.swift in Sources */ = {isa = PBXBuildFile; fileRef = D8DAEAED2D60B0D90001714E /* FavoriteMovieViewController.swift */; };
		D8DAEAF22D60B1220001714E /* FavoriteMoviePresenter.swift in Sources */ = {isa = PBXBuildFile; fileRef = D8DAEAF12D60B1220001714E /* FavoriteMoviePresenter.swift */; };
		D8DAEAF42D60CF150001714E /* BaseViewController.swift in Sources */ = {isa = PBXBuildFile; fileRef = D8DAEAF32D60CF150001714E /* BaseViewController.swift */; };
		D8DAEAF72D60DCFC0001714E /* MovieDetailsScrollView.swift in Sources */ = {isa = PBXBuildFile; fileRef = D8DAEAF62D60DCFC0001714E /* MovieDetailsScrollView.swift */; };
		D8DAEAF92D60DDD80001714E /* BaseLabel.swift in Sources */ = {isa = PBXBuildFile; fileRef = D8DAEAF82D60DDD80001714E /* BaseLabel.swift */; };
		D8DAEAFE2D67A8F70001714E /* FiltersViewController.swift in Sources */ = {isa = PBXBuildFile; fileRef = D8DAEAFD2D67A8F70001714E /* FiltersViewController.swift */; };
		D8DAEB002D67A90B0001714E /* FiltersPresenter.swift in Sources */ = {isa = PBXBuildFile; fileRef = D8DAEAFF2D67A90B0001714E /* FiltersPresenter.swift */; };
		D8DAEB082D6A4A860001714E /* ApiKey.swift in Sources */ = {isa = PBXBuildFile; fileRef = D8DAEB072D6A4A860001714E /* ApiKey.swift */; };
		D8DAEB0E2D6B31D00001714E /* TapBarRouter.swift in Sources */ = {isa = PBXBuildFile; fileRef = D8DAEB0D2D6B31D00001714E /* TapBarRouter.swift */; };
		D8DAEB102D6B351A0001714E /* FavoritesMovieModuleBuilder.swift in Sources */ = {isa = PBXBuildFile; fileRef = D8DAEB0F2D6B351A0001714E /* FavoritesMovieModuleBuilder.swift */; };
		D8DAEB142D6B370A0001714E /* RandomMovieRouter.swift in Sources */ = {isa = PBXBuildFile; fileRef = D8DAEB132D6B370A0001714E /* RandomMovieRouter.swift */; };
		D8EB1E1A2D3CDC700030DB49 /* RandomMovieModel.swift in Sources */ = {isa = PBXBuildFile; fileRef = D8EB1E192D3CDC700030DB49 /* RandomMovieModel.swift */; };
		D8EB1E1E2D3CFFAC0030DB49 /* RandomButton.swift in Sources */ = {isa = PBXBuildFile; fileRef = D8EB1E1D2D3CFFAC0030DB49 /* RandomButton.swift */; };
/* End PBXBuildFile section */

/* Begin PBXFileReference section */
		D8171B1E2D30244B00F59EF8 /* RandomMovie.app */ = {isa = PBXFileReference; explicitFileType = wrapper.application; includeInIndex = 0; path = RandomMovie.app; sourceTree = BUILT_PRODUCTS_DIR; };
		D8171B212D30244B00F59EF8 /* AppDelegate.swift */ = {isa = PBXFileReference; lastKnownFileType = sourcecode.swift; path = AppDelegate.swift; sourceTree = "<group>"; };
		D8171B232D30244B00F59EF8 /* SceneDelegate.swift */ = {isa = PBXFileReference; lastKnownFileType = sourcecode.swift; path = SceneDelegate.swift; sourceTree = "<group>"; };
		D8171B252D30244B00F59EF8 /* RandomMovieViewController.swift */ = {isa = PBXFileReference; lastKnownFileType = sourcecode.swift; path = RandomMovieViewController.swift; sourceTree = "<group>"; };
		D8171B2A2D30244C00F59EF8 /* Assets.xcassets */ = {isa = PBXFileReference; lastKnownFileType = folder.assetcatalog; path = Assets.xcassets; sourceTree = "<group>"; };
		D8171B2D2D30244C00F59EF8 /* Base */ = {isa = PBXFileReference; lastKnownFileType = file.storyboard; name = Base; path = Base.lproj/LaunchScreen.storyboard; sourceTree = "<group>"; };
		D8171B2F2D30244C00F59EF8 /* Info.plist */ = {isa = PBXFileReference; lastKnownFileType = text.plist.xml; path = Info.plist; sourceTree = "<group>"; };
		D8171B372D3028B100F59EF8 /* NetworkDataFetch.swift */ = {isa = PBXFileReference; lastKnownFileType = sourcecode.swift; path = NetworkDataFetch.swift; sourceTree = "<group>"; };
		D8171B3A2D3028D100F59EF8 /* EndPoint.swift */ = {isa = PBXFileReference; lastKnownFileType = sourcecode.swift; path = EndPoint.swift; sourceTree = "<group>"; };
		D8171B3F2D3032E500F59EF8 /* NetworkError.swift */ = {isa = PBXFileReference; lastKnownFileType = sourcecode.swift; path = NetworkError.swift; sourceTree = "<group>"; };
		D817B73C2D3E88E800D6641F /* RandomMoviewPresenter.swift */ = {isa = PBXFileReference; lastKnownFileType = sourcecode.swift; path = RandomMoviewPresenter.swift; sourceTree = "<group>"; };
		D817B73E2D3E8A1D00D6641F /* MoviewModelProtocol.swift */ = {isa = PBXFileReference; lastKnownFileType = sourcecode.swift; path = MoviewModelProtocol.swift; sourceTree = "<group>"; };
		D817B7412D3E98B800D6641F /* RandomMoviesModuleBuilder.swift */ = {isa = PBXFileReference; lastKnownFileType = sourcecode.swift; path = RandomMoviesModuleBuilder.swift; sourceTree = "<group>"; };
		D817B7462D412B6B00D6641F /* MovieDetailsPresenter.swift */ = {isa = PBXFileReference; lastKnownFileType = sourcecode.swift; path = MovieDetailsPresenter.swift; sourceTree = "<group>"; };
		D817B7482D412FE100D6641F /* MovieDetailsViewController.swift */ = {isa = PBXFileReference; lastKnownFileType = sourcecode.swift; path = MovieDetailsViewController.swift; sourceTree = "<group>"; };
		D817B74A2D4136EE00D6641F /* RandomMoviesViewWithCollectionView.swift */ = {isa = PBXFileReference; lastKnownFileType = sourcecode.swift; path = RandomMoviesViewWithCollectionView.swift; sourceTree = "<group>"; };
		D817B74D2D413F6200D6641F /* RandomCollectionViewCell.swift */ = {isa = PBXFileReference; lastKnownFileType = sourcecode.swift; path = RandomCollectionViewCell.swift; sourceTree = "<group>"; };
		D8714F142D3980180036DBBC /* SearchMovieModel.swift */ = {isa = PBXFileReference; lastKnownFileType = sourcecode.swift; path = SearchMovieModel.swift; sourceTree = "<group>"; };
		D8A5332D2D4611DD0066AB00 /* PreviewForCollectionViewCellModel.swift */ = {isa = PBXFileReference; lastKnownFileType = sourcecode.swift; path = PreviewForCollectionViewCellModel.swift; sourceTree = "<group>"; };
		D8A533302D464AC00066AB00 /* UIColorExtensions.swift */ = {isa = PBXFileReference; lastKnownFileType = sourcecode.swift; path = UIColorExtensions.swift; sourceTree = "<group>"; };
		D8A533322D4936650066AB00 /* ImageLoader.swift */ = {isa = PBXFileReference; lastKnownFileType = sourcecode.swift; path = ImageLoader.swift; sourceTree = "<group>"; };
		D8DAEAED2D60B0D90001714E /* FavoriteMovieViewController.swift */ = {isa = PBXFileReference; lastKnownFileType = sourcecode.swift; path = FavoriteMovieViewController.swift; sourceTree = "<group>"; };
		D8DAEAF12D60B1220001714E /* FavoriteMoviePresenter.swift */ = {isa = PBXFileReference; lastKnownFileType = sourcecode.swift; path = FavoriteMoviePresenter.swift; sourceTree = "<group>"; };
		D8DAEAF32D60CF150001714E /* BaseViewController.swift */ = {isa = PBXFileReference; lastKnownFileType = sourcecode.swift; path = BaseViewController.swift; sourceTree = "<group>"; };
		D8DAEAF62D60DCFC0001714E /* MovieDetailsScrollView.swift */ = {isa = PBXFileReference; lastKnownFileType = sourcecode.swift; path = MovieDetailsScrollView.swift; sourceTree = "<group>"; };
		D8DAEAF82D60DDD80001714E /* BaseLabel.swift */ = {isa = PBXFileReference; lastKnownFileType = sourcecode.swift; path = BaseLabel.swift; sourceTree = "<group>"; };
		D8DAEAFD2D67A8F70001714E /* FiltersViewController.swift */ = {isa = PBXFileReference; lastKnownFileType = sourcecode.swift; path = FiltersViewController.swift; sourceTree = "<group>"; };
		D8DAEAFF2D67A90B0001714E /* FiltersPresenter.swift */ = {isa = PBXFileReference; lastKnownFileType = sourcecode.swift; path = FiltersPresenter.swift; sourceTree = "<group>"; };
		D8DAEB072D6A4A860001714E /* ApiKey.swift */ = {isa = PBXFileReference; lastKnownFileType = sourcecode.swift; path = ApiKey.swift; sourceTree = "<group>"; };
		D8DAEB0D2D6B31D00001714E /* TapBarRouter.swift */ = {isa = PBXFileReference; lastKnownFileType = sourcecode.swift; path = TapBarRouter.swift; sourceTree = "<group>"; };
		D8DAEB0F2D6B351A0001714E /* FavoritesMovieModuleBuilder.swift */ = {isa = PBXFileReference; lastKnownFileType = sourcecode.swift; path = FavoritesMovieModuleBuilder.swift; sourceTree = "<group>"; };
		D8DAEB132D6B370A0001714E /* RandomMovieRouter.swift */ = {isa = PBXFileReference; lastKnownFileType = sourcecode.swift; path = RandomMovieRouter.swift; sourceTree = "<group>"; };
		D8EB1E192D3CDC700030DB49 /* RandomMovieModel.swift */ = {isa = PBXFileReference; lastKnownFileType = sourcecode.swift; path = RandomMovieModel.swift; sourceTree = "<group>"; };
		D8EB1E1D2D3CFFAC0030DB49 /* RandomButton.swift */ = {isa = PBXFileReference; lastKnownFileType = sourcecode.swift; path = RandomButton.swift; sourceTree = "<group>"; };
/* End PBXFileReference section */

/* Begin PBXFrameworksBuildPhase section */
		D8171B1B2D30244B00F59EF8 /* Frameworks */ = {
			isa = PBXFrameworksBuildPhase;
			buildActionMask = 2147483647;
			files = (
			);
			runOnlyForDeploymentPostprocessing = 0;
		};
/* End PBXFrameworksBuildPhase section */

/* Begin PBXGroup section */
		D8171B152D30244B00F59EF8 = {
			isa = PBXGroup;
			children = (
				D8171B202D30244B00F59EF8 /* RandomMovie */,
				D8171B1F2D30244B00F59EF8 /* Products */,
			);
			sourceTree = "<group>";
		};
		D8171B1F2D30244B00F59EF8 /* Products */ = {
			isa = PBXGroup;
			children = (
				D8171B1E2D30244B00F59EF8 /* RandomMovie.app */,
			);
			name = Products;
			sourceTree = "<group>";
		};
		D8171B202D30244B00F59EF8 /* RandomMovie */ = {
			isa = PBXGroup;
			children = (
				D8DAEB062D6A4A510001714E /* Constants */,
				D8DAEB112D6B35FE0001714E /* TapBarModuleBuilders */,
				D8171B352D30282C00F59EF8 /* Resources */,
				D817B7402D3E96A200D6641F /* RandomMovieModule */,
				D817B7432D412B2000D6641F /* RandomMovieDetailsModule */,
				D8DAEAFA2D67A8B40001714E /* MovieFiltersModel */,
				D8DAEAEC2D60B0B40001714E /* FavoriteMovie */,
				D8171B392D3028B600F59EF8 /* Network */,
				D8A5332F2D464A660066AB00 /* Extensions+Elements */,
				D8171B2F2D30244C00F59EF8 /* Info.plist */,
			);
			path = RandomMovie;
			sourceTree = "<group>";
		};
		D8171B352D30282C00F59EF8 /* Resources */ = {
			isa = PBXGroup;
			children = (
				D8171B212D30244B00F59EF8 /* AppDelegate.swift */,
				D8171B232D30244B00F59EF8 /* SceneDelegate.swift */,
				D8171B2A2D30244C00F59EF8 /* Assets.xcassets */,
				D8171B2C2D30244C00F59EF8 /* LaunchScreen.storyboard */,
			);
			path = Resources;
			sourceTree = "<group>";
		};
		D8171B392D3028B600F59EF8 /* Network */ = {
			isa = PBXGroup;
			children = (
				D8171B372D3028B100F59EF8 /* NetworkDataFetch.swift */,
				D8171B3F2D3032E500F59EF8 /* NetworkError.swift */,
				D8171B3A2D3028D100F59EF8 /* EndPoint.swift */,
				D8A533322D4936650066AB00 /* ImageLoader.swift */,
			);
			path = Network;
			sourceTree = "<group>";
		};
		D8171B3E2D302FF600F59EF8 /* Models */ = {
			isa = PBXGroup;
			children = (
				D817B73E2D3E8A1D00D6641F /* MoviewModelProtocol.swift */,
				D8EB1E192D3CDC700030DB49 /* RandomMovieModel.swift */,
				D8714F142D3980180036DBBC /* SearchMovieModel.swift */,
				D8A5332D2D4611DD0066AB00 /* PreviewForCollectionViewCellModel.swift */,
			);
			path = Models;
			sourceTree = "<group>";
		};
		D817B7402D3E96A200D6641F /* RandomMovieModule */ = {
			isa = PBXGroup;
			children = (
				D8DAEB122D6B36F40001714E /* Routers */,
				D8EB1E1C2D3CFF450030DB49 /* Views */,
				D8EB1E1B2D3CFF330030DB49 /* Presenters */,
				D8171B3E2D302FF600F59EF8 /* Models */,
			);
			path = RandomMovieModule;
			sourceTree = "<group>";
		};
		D817B7432D412B2000D6641F /* RandomMovieDetailsModule */ = {
			isa = PBXGroup;
			children = (
				D817B7452D412B4600D6641F /* Views */,
				D817B7442D412B3900D6641F /* Presenters */,
			);
			path = RandomMovieDetailsModule;
			sourceTree = "<group>";
		};
		D817B7442D412B3900D6641F /* Presenters */ = {
			isa = PBXGroup;
			children = (
				D817B7462D412B6B00D6641F /* MovieDetailsPresenter.swift */,
			);
			path = Presenters;
			sourceTree = "<group>";
		};
		D817B7452D412B4600D6641F /* Views */ = {
			isa = PBXGroup;
			children = (
				D8DAEAF62D60DCFC0001714E /* MovieDetailsScrollView.swift */,
				D817B7482D412FE100D6641F /* MovieDetailsViewController.swift */,
			);
			path = Views;
			sourceTree = "<group>";
		};
		D817B74C2D413F4B00D6641F /* CollectionView */ = {
			isa = PBXGroup;
			children = (
				D817B74A2D4136EE00D6641F /* RandomMoviesViewWithCollectionView.swift */,
				D817B74D2D413F6200D6641F /* RandomCollectionViewCell.swift */,
			);
			path = CollectionView;
			sourceTree = "<group>";
		};
		D8A5332F2D464A660066AB00 /* Extensions+Elements */ = {
			isa = PBXGroup;
			children = (
				D8EB1E1F2D3D04BB0030DB49 /* Elements */,
				D8DAEB042D6901690001714E /* Extensions */,
			);
			path = "Extensions+Elements";
			sourceTree = "<group>";
		};
		D8DAEAEC2D60B0B40001714E /* FavoriteMovie */ = {
			isa = PBXGroup;
			children = (
				D8DAEAF02D60B0EB0001714E /* Presenters */,
				D8DAEAEF2D60B0E10001714E /* Views */,
			);
			path = FavoriteMovie;
			sourceTree = "<group>";
		};
		D8DAEAEF2D60B0E10001714E /* Views */ = {
			isa = PBXGroup;
			children = (
				D8DAEAED2D60B0D90001714E /* FavoriteMovieViewController.swift */,
			);
			path = Views;
			sourceTree = "<group>";
		};
		D8DAEAF02D60B0EB0001714E /* Presenters */ = {
			isa = PBXGroup;
			children = (
				D8DAEAF12D60B1220001714E /* FavoriteMoviePresenter.swift */,
			);
			path = Presenters;
			sourceTree = "<group>";
		};
		D8DAEAFA2D67A8B40001714E /* MovieFiltersModel */ = {
			isa = PBXGroup;
			children = (
				D8DAEAFB2D67A8D10001714E /* Views */,
				D8DAEAFC2D67A8DC0001714E /* Presentors */,
			);
			path = MovieFiltersModel;
			sourceTree = "<group>";
		};
		D8DAEAFB2D67A8D10001714E /* Views */ = {
			isa = PBXGroup;
			children = (
				D8DAEAFD2D67A8F70001714E /* FiltersViewController.swift */,
			);
			path = Views;
			sourceTree = "<group>";
		};
		D8DAEAFC2D67A8DC0001714E /* Presentors */ = {
			isa = PBXGroup;
			children = (
				D8DAEAFF2D67A90B0001714E /* FiltersPresenter.swift */,
			);
			path = Presentors;
			sourceTree = "<group>";
		};
		D8DAEB042D6901690001714E /* Extensions */ = {
			isa = PBXGroup;
			children = (
				D8A533302D464AC00066AB00 /* UIColorExtensions.swift */,
			);
			path = Extensions;
			sourceTree = "<group>";
		};
		D8DAEB062D6A4A510001714E /* Constants */ = {
			isa = PBXGroup;
			children = (
				D8DAEB072D6A4A860001714E /* ApiKey.swift */,
			);
			path = Constants;
			sourceTree = "<group>";
		};
		D8DAEB112D6B35FE0001714E /* TapBarModuleBuilders */ = {
			isa = PBXGroup;
			children = (
				D8DAEB0D2D6B31D00001714E /* TapBarRouter.swift */,
				D817B7412D3E98B800D6641F /* RandomMoviesModuleBuilder.swift */,
				D8DAEB0F2D6B351A0001714E /* FavoritesMovieModuleBuilder.swift */,
			);
			path = TapBarModuleBuilders;
			sourceTree = "<group>";
		};
		D8DAEB122D6B36F40001714E /* Routers */ = {
			isa = PBXGroup;
			children = (
				D8DAEB132D6B370A0001714E /* RandomMovieRouter.swift */,
			);
			path = Routers;
			sourceTree = "<group>";
		};
		D8EB1E1B2D3CFF330030DB49 /* Presenters */ = {
			isa = PBXGroup;
			children = (
				D817B73C2D3E88E800D6641F /* RandomMoviewPresenter.swift */,
			);
			path = Presenters;
			sourceTree = "<group>";
		};
		D8EB1E1C2D3CFF450030DB49 /* Views */ = {
			isa = PBXGroup;
			children = (
				D817B74C2D413F4B00D6641F /* CollectionView */,
				D8171B252D30244B00F59EF8 /* RandomMovieViewController.swift */,
			);
			path = Views;
			sourceTree = "<group>";
		};
		D8EB1E1F2D3D04BB0030DB49 /* Elements */ = {
			isa = PBXGroup;
			children = (
				D8DAEAF32D60CF150001714E /* BaseViewController.swift */,
				D8DAEAF82D60DDD80001714E /* BaseLabel.swift */,
				D8EB1E1D2D3CFFAC0030DB49 /* RandomButton.swift */,
			);
			path = Elements;
			sourceTree = "<group>";
		};
/* End PBXGroup section */

/* Begin PBXNativeTarget section */
		D8171B1D2D30244B00F59EF8 /* RandomMovie */ = {
			isa = PBXNativeTarget;
			buildConfigurationList = D8171B322D30244C00F59EF8 /* Build configuration list for PBXNativeTarget "RandomMovie" */;
			buildPhases = (
				D8171B1A2D30244B00F59EF8 /* Sources */,
				D8171B1B2D30244B00F59EF8 /* Frameworks */,
				D8171B1C2D30244B00F59EF8 /* Resources */,
			);
			buildRules = (
			);
			dependencies = (
			);
			name = RandomMovie;
			productName = RandomMovie;
			productReference = D8171B1E2D30244B00F59EF8 /* RandomMovie.app */;
			productType = "com.apple.product-type.application";
		};
/* End PBXNativeTarget section */

/* Begin PBXProject section */
		D8171B162D30244B00F59EF8 /* Project object */ = {
			isa = PBXProject;
			attributes = {
				BuildIndependentTargetsInParallel = 1;
				LastSwiftUpdateCheck = 1500;
				LastUpgradeCheck = 1500;
				TargetAttributes = {
					D8171B1D2D30244B00F59EF8 = {
						CreatedOnToolsVersion = 15.0;
					};
				};
			};
			buildConfigurationList = D8171B192D30244B00F59EF8 /* Build configuration list for PBXProject "RandomMovie" */;
			compatibilityVersion = "Xcode 14.0";
			developmentRegion = en;
			hasScannedForEncodings = 0;
			knownRegions = (
				en,
				Base,
			);
			mainGroup = D8171B152D30244B00F59EF8;
			productRefGroup = D8171B1F2D30244B00F59EF8 /* Products */;
			projectDirPath = "";
			projectRoot = "";
			targets = (
				D8171B1D2D30244B00F59EF8 /* RandomMovie */,
			);
		};
/* End PBXProject section */

/* Begin PBXResourcesBuildPhase section */
		D8171B1C2D30244B00F59EF8 /* Resources */ = {
			isa = PBXResourcesBuildPhase;
			buildActionMask = 2147483647;
			files = (
				D8171B2E2D30244C00F59EF8 /* LaunchScreen.storyboard in Resources */,
				D8171B2B2D30244C00F59EF8 /* Assets.xcassets in Resources */,
			);
			runOnlyForDeploymentPostprocessing = 0;
		};
/* End PBXResourcesBuildPhase section */

/* Begin PBXSourcesBuildPhase section */
		D8171B1A2D30244B00F59EF8 /* Sources */ = {
			isa = PBXSourcesBuildPhase;
			buildActionMask = 2147483647;
			files = (
				D8A5332E2D4611DD0066AB00 /* PreviewForCollectionViewCellModel.swift in Sources */,
				D8DAEAEE2D60B0D90001714E /* FavoriteMovieViewController.swift in Sources */,
				D817B73D2D3E88E800D6641F /* RandomMoviewPresenter.swift in Sources */,
				D817B74B2D4136EE00D6641F /* RandomMoviesViewWithCollectionView.swift in Sources */,
				D8DAEAF72D60DCFC0001714E /* MovieDetailsScrollView.swift in Sources */,
				D8714F152D3980180036DBBC /* SearchMovieModel.swift in Sources */,
				D817B7492D412FE100D6641F /* MovieDetailsViewController.swift in Sources */,
				D8DAEAF22D60B1220001714E /* FavoriteMoviePresenter.swift in Sources */,
				D8171B262D30244B00F59EF8 /* RandomMovieViewController.swift in Sources */,
				D8171B402D3032E500F59EF8 /* NetworkError.swift in Sources */,
				D817B73F2D3E8A1D00D6641F /* MoviewModelProtocol.swift in Sources */,
				D8EB1E1E2D3CFFAC0030DB49 /* RandomButton.swift in Sources */,
				D8A533332D4936650066AB00 /* ImageLoader.swift in Sources */,
				D8DAEB142D6B370A0001714E /* RandomMovieRouter.swift in Sources */,
				D8DAEAF92D60DDD80001714E /* BaseLabel.swift in Sources */,
				D8A533312D464AC00066AB00 /* UIColorExtensions.swift in Sources */,
				D8DAEAF42D60CF150001714E /* BaseViewController.swift in Sources */,
				D8EB1E1A2D3CDC700030DB49 /* RandomMovieModel.swift in Sources */,
				D8171B222D30244B00F59EF8 /* AppDelegate.swift in Sources */,
				D8171B3B2D3028D100F59EF8 /* EndPoint.swift in Sources */,
				D8DAEB102D6B351A0001714E /* FavoritesMovieModuleBuilder.swift in Sources */,
				D8DAEB0E2D6B31D00001714E /* TapBarRouter.swift in Sources */,
				D8DAEAFE2D67A8F70001714E /* FiltersViewController.swift in Sources */,
				D817B74E2D413F6200D6641F /* RandomCollectionViewCell.swift in Sources */,
				D8171B242D30244B00F59EF8 /* SceneDelegate.swift in Sources */,
				D8171B382D3028B100F59EF8 /* NetworkDataFetch.swift in Sources */,
				D817B7422D3E98B800D6641F /* RandomMoviesModuleBuilder.swift in Sources */,
				D8DAEB002D67A90B0001714E /* FiltersPresenter.swift in Sources */,
				D8DAEB082D6A4A860001714E /* ApiKey.swift in Sources */,
				D817B7472D412B6B00D6641F /* MovieDetailsPresenter.swift in Sources */,
			);
			runOnlyForDeploymentPostprocessing = 0;
		};
/* End PBXSourcesBuildPhase section */

/* Begin PBXVariantGroup section */
		D8171B2C2D30244C00F59EF8 /* LaunchScreen.storyboard */ = {
			isa = PBXVariantGroup;
			children = (
				D8171B2D2D30244C00F59EF8 /* Base */,
			);
			name = LaunchScreen.storyboard;
			sourceTree = "<group>";
		};
/* End PBXVariantGroup section */

/* Begin XCBuildConfiguration section */
		D8171B302D30244C00F59EF8 /* Debug */ = {
			isa = XCBuildConfiguration;
			buildSettings = {
				ALWAYS_SEARCH_USER_PATHS = NO;
				ASSETCATALOG_COMPILER_GENERATE_SWIFT_ASSET_SYMBOL_EXTENSIONS = YES;
				CLANG_ANALYZER_NONNULL = YES;
				CLANG_ANALYZER_NUMBER_OBJECT_CONVERSION = YES_AGGRESSIVE;
				CLANG_CXX_LANGUAGE_STANDARD = "gnu++20";
				CLANG_ENABLE_MODULES = YES;
				CLANG_ENABLE_OBJC_ARC = YES;
				CLANG_ENABLE_OBJC_WEAK = YES;
				CLANG_WARN_BLOCK_CAPTURE_AUTORELEASING = YES;
				CLANG_WARN_BOOL_CONVERSION = YES;
				CLANG_WARN_COMMA = YES;
				CLANG_WARN_CONSTANT_CONVERSION = YES;
				CLANG_WARN_DEPRECATED_OBJC_IMPLEMENTATIONS = YES;
				CLANG_WARN_DIRECT_OBJC_ISA_USAGE = YES_ERROR;
				CLANG_WARN_DOCUMENTATION_COMMENTS = YES;
				CLANG_WARN_EMPTY_BODY = YES;
				CLANG_WARN_ENUM_CONVERSION = YES;
				CLANG_WARN_INFINITE_RECURSION = YES;
				CLANG_WARN_INT_CONVERSION = YES;
				CLANG_WARN_NON_LITERAL_NULL_CONVERSION = YES;
				CLANG_WARN_OBJC_IMPLICIT_RETAIN_SELF = YES;
				CLANG_WARN_OBJC_LITERAL_CONVERSION = YES;
				CLANG_WARN_OBJC_ROOT_CLASS = YES_ERROR;
				CLANG_WARN_QUOTED_INCLUDE_IN_FRAMEWORK_HEADER = YES;
				CLANG_WARN_RANGE_LOOP_ANALYSIS = YES;
				CLANG_WARN_STRICT_PROTOTYPES = YES;
				CLANG_WARN_SUSPICIOUS_MOVE = YES;
				CLANG_WARN_UNGUARDED_AVAILABILITY = YES_AGGRESSIVE;
				CLANG_WARN_UNREACHABLE_CODE = YES;
				CLANG_WARN__DUPLICATE_METHOD_MATCH = YES;
				COPY_PHASE_STRIP = NO;
				DEBUG_INFORMATION_FORMAT = dwarf;
				ENABLE_STRICT_OBJC_MSGSEND = YES;
				ENABLE_TESTABILITY = YES;
				ENABLE_USER_SCRIPT_SANDBOXING = YES;
				GCC_C_LANGUAGE_STANDARD = gnu17;
				GCC_DYNAMIC_NO_PIC = NO;
				GCC_NO_COMMON_BLOCKS = YES;
				GCC_OPTIMIZATION_LEVEL = 0;
				GCC_PREPROCESSOR_DEFINITIONS = (
					"DEBUG=1",
					"$(inherited)",
				);
				GCC_WARN_64_TO_32_BIT_CONVERSION = YES;
				GCC_WARN_ABOUT_RETURN_TYPE = YES_ERROR;
				GCC_WARN_UNDECLARED_SELECTOR = YES;
				GCC_WARN_UNINITIALIZED_AUTOS = YES_AGGRESSIVE;
				GCC_WARN_UNUSED_FUNCTION = YES;
				GCC_WARN_UNUSED_VARIABLE = YES;
				IPHONEOS_DEPLOYMENT_TARGET = 17.0;
				LOCALIZATION_PREFERS_STRING_CATALOGS = YES;
				MTL_ENABLE_DEBUG_INFO = INCLUDE_SOURCE;
				MTL_FAST_MATH = YES;
				ONLY_ACTIVE_ARCH = YES;
				SDKROOT = iphoneos;
				SWIFT_ACTIVE_COMPILATION_CONDITIONS = "DEBUG $(inherited)";
				SWIFT_OPTIMIZATION_LEVEL = "-Onone";
			};
			name = Debug;
		};
		D8171B312D30244C00F59EF8 /* Release */ = {
			isa = XCBuildConfiguration;
			buildSettings = {
				ALWAYS_SEARCH_USER_PATHS = NO;
				ASSETCATALOG_COMPILER_GENERATE_SWIFT_ASSET_SYMBOL_EXTENSIONS = YES;
				CLANG_ANALYZER_NONNULL = YES;
				CLANG_ANALYZER_NUMBER_OBJECT_CONVERSION = YES_AGGRESSIVE;
				CLANG_CXX_LANGUAGE_STANDARD = "gnu++20";
				CLANG_ENABLE_MODULES = YES;
				CLANG_ENABLE_OBJC_ARC = YES;
				CLANG_ENABLE_OBJC_WEAK = YES;
				CLANG_WARN_BLOCK_CAPTURE_AUTORELEASING = YES;
				CLANG_WARN_BOOL_CONVERSION = YES;
				CLANG_WARN_COMMA = YES;
				CLANG_WARN_CONSTANT_CONVERSION = YES;
				CLANG_WARN_DEPRECATED_OBJC_IMPLEMENTATIONS = YES;
				CLANG_WARN_DIRECT_OBJC_ISA_USAGE = YES_ERROR;
				CLANG_WARN_DOCUMENTATION_COMMENTS = YES;
				CLANG_WARN_EMPTY_BODY = YES;
				CLANG_WARN_ENUM_CONVERSION = YES;
				CLANG_WARN_INFINITE_RECURSION = YES;
				CLANG_WARN_INT_CONVERSION = YES;
				CLANG_WARN_NON_LITERAL_NULL_CONVERSION = YES;
				CLANG_WARN_OBJC_IMPLICIT_RETAIN_SELF = YES;
				CLANG_WARN_OBJC_LITERAL_CONVERSION = YES;
				CLANG_WARN_OBJC_ROOT_CLASS = YES_ERROR;
				CLANG_WARN_QUOTED_INCLUDE_IN_FRAMEWORK_HEADER = YES;
				CLANG_WARN_RANGE_LOOP_ANALYSIS = YES;
				CLANG_WARN_STRICT_PROTOTYPES = YES;
				CLANG_WARN_SUSPICIOUS_MOVE = YES;
				CLANG_WARN_UNGUARDED_AVAILABILITY = YES_AGGRESSIVE;
				CLANG_WARN_UNREACHABLE_CODE = YES;
				CLANG_WARN__DUPLICATE_METHOD_MATCH = YES;
				COPY_PHASE_STRIP = NO;
				DEBUG_INFORMATION_FORMAT = "dwarf-with-dsym";
				ENABLE_NS_ASSERTIONS = NO;
				ENABLE_STRICT_OBJC_MSGSEND = YES;
				ENABLE_USER_SCRIPT_SANDBOXING = YES;
				GCC_C_LANGUAGE_STANDARD = gnu17;
				GCC_NO_COMMON_BLOCKS = YES;
				GCC_WARN_64_TO_32_BIT_CONVERSION = YES;
				GCC_WARN_ABOUT_RETURN_TYPE = YES_ERROR;
				GCC_WARN_UNDECLARED_SELECTOR = YES;
				GCC_WARN_UNINITIALIZED_AUTOS = YES_AGGRESSIVE;
				GCC_WARN_UNUSED_FUNCTION = YES;
				GCC_WARN_UNUSED_VARIABLE = YES;
				IPHONEOS_DEPLOYMENT_TARGET = 17.0;
				LOCALIZATION_PREFERS_STRING_CATALOGS = YES;
				MTL_ENABLE_DEBUG_INFO = NO;
				MTL_FAST_MATH = YES;
				SDKROOT = iphoneos;
				SWIFT_COMPILATION_MODE = wholemodule;
				VALIDATE_PRODUCT = YES;
			};
			name = Release;
		};
		D8171B332D30244C00F59EF8 /* Debug */ = {
			isa = XCBuildConfiguration;
			buildSettings = {
				ASSETCATALOG_COMPILER_APPICON_NAME = AppIcon;
				ASSETCATALOG_COMPILER_GLOBAL_ACCENT_COLOR_NAME = AccentColor;
				CODE_SIGN_STYLE = Automatic;
				CURRENT_PROJECT_VERSION = 1;
				DEVELOPMENT_TEAM = 5MC88K2KB8;
				GENERATE_INFOPLIST_FILE = YES;
				INFOPLIST_FILE = RandomMovie/Info.plist;
				INFOPLIST_KEY_UIApplicationSupportsIndirectInputEvents = YES;
				INFOPLIST_KEY_UILaunchStoryboardName = LaunchScreen;
				INFOPLIST_KEY_UISupportedInterfaceOrientations_iPad = "UIInterfaceOrientationPortrait UIInterfaceOrientationPortraitUpsideDown UIInterfaceOrientationLandscapeLeft UIInterfaceOrientationLandscapeRight";
				INFOPLIST_KEY_UISupportedInterfaceOrientations_iPhone = "UIInterfaceOrientationPortrait UIInterfaceOrientationLandscapeLeft UIInterfaceOrientationLandscapeRight";
				LD_RUNPATH_SEARCH_PATHS = (
					"$(inherited)",
					"@executable_path/Frameworks",
				);
				MARKETING_VERSION = 1.0;
				PRODUCT_BUNDLE_IDENTIFIER = com.education.RandomMovie;
				PRODUCT_NAME = "$(TARGET_NAME)";
				SWIFT_EMIT_LOC_STRINGS = YES;
				SWIFT_VERSION = 5.0;
				TARGETED_DEVICE_FAMILY = "1,2";
			};
			name = Debug;
		};
		D8171B342D30244C00F59EF8 /* Release */ = {
			isa = XCBuildConfiguration;
			buildSettings = {
				ASSETCATALOG_COMPILER_APPICON_NAME = AppIcon;
				ASSETCATALOG_COMPILER_GLOBAL_ACCENT_COLOR_NAME = AccentColor;
				CODE_SIGN_STYLE = Automatic;
				CURRENT_PROJECT_VERSION = 1;
				DEVELOPMENT_TEAM = 5MC88K2KB8;
				GENERATE_INFOPLIST_FILE = YES;
				INFOPLIST_FILE = RandomMovie/Info.plist;
				INFOPLIST_KEY_UIApplicationSupportsIndirectInputEvents = YES;
				INFOPLIST_KEY_UILaunchStoryboardName = LaunchScreen;
				INFOPLIST_KEY_UISupportedInterfaceOrientations_iPad = "UIInterfaceOrientationPortrait UIInterfaceOrientationPortraitUpsideDown UIInterfaceOrientationLandscapeLeft UIInterfaceOrientationLandscapeRight";
				INFOPLIST_KEY_UISupportedInterfaceOrientations_iPhone = "UIInterfaceOrientationPortrait UIInterfaceOrientationLandscapeLeft UIInterfaceOrientationLandscapeRight";
				LD_RUNPATH_SEARCH_PATHS = (
					"$(inherited)",
					"@executable_path/Frameworks",
				);
				MARKETING_VERSION = 1.0;
				PRODUCT_BUNDLE_IDENTIFIER = com.education.RandomMovie;
				PRODUCT_NAME = "$(TARGET_NAME)";
				SWIFT_EMIT_LOC_STRINGS = YES;
				SWIFT_VERSION = 5.0;
				TARGETED_DEVICE_FAMILY = "1,2";
			};
			name = Release;
		};
/* End XCBuildConfiguration section */

/* Begin XCConfigurationList section */
		D8171B192D30244B00F59EF8 /* Build configuration list for PBXProject "RandomMovie" */ = {
			isa = XCConfigurationList;
			buildConfigurations = (
				D8171B302D30244C00F59EF8 /* Debug */,
				D8171B312D30244C00F59EF8 /* Release */,
			);
			defaultConfigurationIsVisible = 0;
			defaultConfigurationName = Release;
		};
		D8171B322D30244C00F59EF8 /* Build configuration list for PBXNativeTarget "RandomMovie" */ = {
			isa = XCConfigurationList;
			buildConfigurations = (
				D8171B332D30244C00F59EF8 /* Debug */,
				D8171B342D30244C00F59EF8 /* Release */,
			);
			defaultConfigurationIsVisible = 0;
			defaultConfigurationName = Release;
		};
/* End XCConfigurationList section */
	};
	rootObject = D8171B162D30244B00F59EF8 /* Project object */;
}
